{
  "projects": [
    {
      "projectId": "gmeH6XgPaBtkt51HunAo4g",
      "version": "18.16.0",
      "dependencies": {},
      "lang": "js",
      "fileLocks": [
        {
          "assetId": "gmeH6XgPaBtkt51HunAo4g",
          "type": "projectCss",
          "checksum": "1c02168c6b23256606111fdfdbb63549"
        }
      ],
      "codegenVersion": "0.0.1"
    },
    {
      "projectId": "eynA5nr5kgHR7rggRgJTMB",
      "version": "latest",
      "dependencies": {
        "gmeH6XgPaBtkt51HunAo4g": "18.16.0"
      },
      "lang": "js",
      "fileLocks": [
        {
          "type": "globalVariant",
          "assetId": "OSDlFqPowov4",
          "checksum": "fe57679837672ea236c9f1fa24d594c8"
        },
        {
          "assetId": "eynA5nr5kgHR7rggRgJTMB",
          "type": "projectCss",
          "checksum": "d6e06022332c157320180083fe42a001"
        },
        {
          "type": "renderModule",
          "assetId": "oPGtmaSJcjNy",
          "checksum": "84386b00140503a7fcec49cdeec545aa"
        },
        {
          "type": "cssRules",
          "assetId": "oPGtmaSJcjNy",
          "checksum": "84386b00140503a7fcec49cdeec545aa"
        },
        {
          "type": "renderModule",
          "assetId": "7kdoTWfA4npn",
          "checksum": "63b842c05f509decfccb50c37b853c60"
        },
        {
          "type": "cssRules",
          "assetId": "7kdoTWfA4npn",
          "checksum": "63b842c05f509decfccb50c37b853c60"
        },
        {
          "type": "renderModule",
          "assetId": "0I-d7oaKatTa",
          "checksum": "07d3f38e9fe21234e67b078bcab7aead"
        },
        {
          "type": "cssRules",
          "assetId": "0I-d7oaKatTa",
          "checksum": "07d3f38e9fe21234e67b078bcab7aead"
        },
        {
          "type": "renderModule",
          "assetId": "Z1zET6kBfLJn",
          "checksum": "1bb6527070052da7e886fe877271b980"
        },
        {
          "type": "cssRules",
          "assetId": "Z1zET6kBfLJn",
          "checksum": "1bb6527070052da7e886fe877271b980"
        },
        {
          "type": "renderModule",
          "assetId": "RbPMX-ttBklU",
          "checksum": "e918c84c511b85fc180b439878f8d6de"
        },
        {
          "type": "cssRules",
          "assetId": "RbPMX-ttBklU",
          "checksum": "e918c84c511b85fc180b439878f8d6de"
        },
        {
          "type": "renderModule",
          "assetId": "vCVkpzW7A84q",
          "checksum": "f7215eed43da6f7d6b2211c7202ae9ed"
        },
        {
          "type": "cssRules",
          "assetId": "vCVkpzW7A84q",
          "checksum": "f7215eed43da6f7d6b2211c7202ae9ed"
        },
        {
          "type": "renderModule",
          "assetId": "Smih9dlX3w7m",
          "checksum": "ea8baa6f5e1535d8a70fcd320d8e827f"
        },
        {
          "type": "cssRules",
          "assetId": "Smih9dlX3w7m",
          "checksum": "ea8baa6f5e1535d8a70fcd320d8e827f"
        },
        {
          "type": "renderModule",
          "assetId": "iUpteqLOQ14s",
          "checksum": "4a229de3c2bf644a9ce1a985a45d0a09"
        },
        {
          "type": "cssRules",
          "assetId": "iUpteqLOQ14s",
          "checksum": "4a229de3c2bf644a9ce1a985a45d0a09"
        },
        {
          "type": "renderModule",
          "assetId": "38HiBb7McIZ-",
          "checksum": "476d0ff62b246cd3b0888da56d758355"
        },
        {
          "type": "cssRules",
          "assetId": "38HiBb7McIZ-",
          "checksum": "476d0ff62b246cd3b0888da56d758355"
        },
        {
          "type": "renderModule",
          "assetId": "vukcc0SocRdk",
          "checksum": "155e140cde449aabfe5da173871e2b3b"
        },
        {
          "type": "cssRules",
          "assetId": "vukcc0SocRdk",
          "checksum": "155e140cde449aabfe5da173871e2b3b"
        },
        {
          "type": "renderModule",
          "assetId": "psP_ncNUuJMo",
          "checksum": "de927552cfbcdc09fcd9653812aa12d8"
        },
        {
          "type": "cssRules",
          "assetId": "psP_ncNUuJMo",
          "checksum": "de927552cfbcdc09fcd9653812aa12d8"
        },
        {
          "type": "renderModule",
          "assetId": "dS_cnV8X4hED",
          "checksum": "215b372f3d2f4e7aefdbd87541237a6f"
        },
        {
          "type": "cssRules",
          "assetId": "dS_cnV8X4hED",
          "checksum": "215b372f3d2f4e7aefdbd87541237a6f"
        },
        {
          "type": "renderModule",
          "assetId": "1ZPrj7qzpWid",
          "checksum": "e776e1bd05b696d3ef67ba2d1412b757"
        },
        {
          "type": "cssRules",
          "assetId": "1ZPrj7qzpWid",
          "checksum": "e776e1bd05b696d3ef67ba2d1412b757"
        },
        {
          "type": "renderModule",
          "assetId": "JwB7bsFqfgsl",
          "checksum": "ae465acfe3ee03c9ae9526b12845ce0e"
        },
        {
          "type": "cssRules",
          "assetId": "JwB7bsFqfgsl",
          "checksum": "ae465acfe3ee03c9ae9526b12845ce0e"
        },
        {
          "type": "renderModule",
          "assetId": "4BrSWjkClzUc",
          "checksum": "ffefba35943f1183a0dec23ddcd0cbb4"
        },
        {
          "type": "cssRules",
          "assetId": "4BrSWjkClzUc",
          "checksum": "ffefba35943f1183a0dec23ddcd0cbb4"
        },
        {
          "type": "icon",
          "assetId": "ewkwunj1OhLZ",
          "checksum": "e52104efdd72c5402d11040834765f6f"
        },
        {
          "type": "icon",
          "assetId": "5thWNmiUiYRe",
          "checksum": "21871ed3d2363692773c2fc7d77a7454"
        },
        {
          "type": "icon",
          "assetId": "QwbovN1HS2rw",
          "checksum": "d85426e1ea21c16157405cc4ca8c8e35"
        },
        {
          "type": "icon",
          "assetId": "wXv8M2hyWX8W",
          "checksum": "6ac38f2f3edac34c7a6f15b08eff7503"
        },
        {
          "type": "icon",
          "assetId": "XYS0VnBthcRS",
          "checksum": "fb1c9bf2552fe6677f27a1f9305491ce"
        },
        {
          "type": "icon",
          "assetId": "MlDj9v5JWGlA",
          "checksum": "9aef538198bd507be671f749611388c5"
        },
        {
          "type": "icon",
          "assetId": "ca2CmS_DNX6R",
          "checksum": "e8ec6cf1afab08e102c01193b20629db"
        },
        {
          "type": "icon",
          "assetId": "48DwzHWf9HWb",
          "checksum": "d75205550e8c56b7751e0fe1ca381c71"
        },
        {
          "type": "icon",
          "assetId": "DACyuhac_QXl",
          "checksum": "36f956dc2854018c484d52b12cf53e93"
        },
        {
          "type": "icon",
          "assetId": "6cOW6KO7sH4v",
          "checksum": "bc9d49ea74e2903be86a65c65ec45285"
        },
        {
          "type": "icon",
          "assetId": "NYTuncj32D58",
          "checksum": "746e1affe68d0796fb4a23d5065f4c31"
        },
        {
          "type": "icon",
          "assetId": "RtSmYcUS7b6z",
          "checksum": "c554c3de44b87da4a09832635f068a82"
        },
        {
          "type": "icon",
          "assetId": "DGoB0uFcF5cm",
          "checksum": "a2b63044212153bd60b38e3d3d214deb"
        },
        {
          "type": "icon",
          "assetId": "TyhGrPPKDO01",
          "checksum": "737eb02462047ff7cf46d922efccb991"
        },
        {
          "type": "icon",
          "assetId": "9foRKYK3Fcda",
          "checksum": "8ddb94f13a23a4da64e9deb97a769b04"
        },
        {
          "type": "icon",
          "assetId": "nuD4ua6iqGqP",
          "checksum": "c0c1f6accc3a2817ef1217ac88e51e14"
        },
        {
          "type": "icon",
          "assetId": "t1BiRZy1agAw",
          "checksum": "17a0ed5ba73e2cea52095cdc79a61535"
        },
        {
          "type": "icon",
          "assetId": "4q5c87gwDd5w",
          "checksum": "963f8026fa000d4f2c89696db12819ef"
        },
        {
          "type": "icon",
          "assetId": "SgCAD-jZuUQx",
          "checksum": "6872b039178baf63f54b68c96134be7f"
        },
        {
          "type": "icon",
          "assetId": "sT0wc_3CB1J8",
          "checksum": "e06430ec4f5a460f8227e37ff48ecc67"
        },
        {
          "type": "icon",
          "assetId": "vm-b3SbM7kWD",
          "checksum": "56cac671e77bcd1ecde558e01f501f43"
        },
        {
          "type": "icon",
          "assetId": "Q5ZTqrVMGLzV",
          "checksum": "746bc1502fe6e2cc45e0b896ea64156b"
        },
        {
          "type": "icon",
          "assetId": "glMQibdGVgQQ",
          "checksum": "7798de37c17e46e28e2d5639b92e0a35"
        },
        {
          "type": "icon",
          "assetId": "CHYQOq1_CdQH",
          "checksum": "3e494fb6befd227a82465ab22fc5c64a"
        },
        {
          "type": "icon",
          "assetId": "d9iX3-pcMTWt",
          "checksum": "b8b0a1e31ad182b496877b15b818a997"
        },
        {
          "type": "icon",
          "assetId": "2q-S7Bh5Tn2Z",
          "checksum": "e078289a968d33b1d44c78fea004547b"
        },
        {
          "type": "icon",
          "assetId": "5BDfFqIM7GpF",
          "checksum": "87528093bd4e53d40129eedc5191cd59"
        },
        {
          "type": "icon",
          "assetId": "1_9QLa7hC9mR",
          "checksum": "ceecefd00bb038f9fb052924d8f1ef58"
        },
        {
          "type": "icon",
          "assetId": "FYWOBdz8m4MH",
          "checksum": "e656b4ee1a4acbb4c1361d3e6e3190e1"
        },
        {
          "type": "icon",
          "assetId": "CpR7EvnH4obH",
          "checksum": "c42cecc1d65480f4e932d883fbfe4d7a"
        },
        {
          "type": "icon",
          "assetId": "0oZNCXGjHnn4",
          "checksum": "2d5a3acc9b5ad581ac0cad537e065183"
        },
        {
          "type": "icon",
          "assetId": "4hXvkEipeTB0",
          "checksum": "ef2ddccd69a17329f2266b731aa282a5"
        },
        {
          "type": "icon",
          "assetId": "Bld2XTZaY2ST",
          "checksum": "9c7d83a86f794317129dcb78e985e1a7"
        },
        {
          "type": "icon",
          "assetId": "egBXiTjaqbfi",
          "checksum": "758c2acfa496263b970647f82833e23b"
        },
        {
          "type": "icon",
          "assetId": "hfNJSODdQ1xU",
          "checksum": "8fbc3f999825fd6a65ca1aaae6b9f130"
        },
        {
          "type": "icon",
          "assetId": "vB4qq8QhttVr",
          "checksum": "715ddcc79871c208ad96aee6dd3fa6fc"
        },
        {
          "type": "icon",
          "assetId": "KPZimKbfVq5I",
          "checksum": "23f34df9ba78798e5e408aae83f13b8a"
        },
        {
          "type": "icon",
          "assetId": "cXHqhdMBgAeU",
          "checksum": "d83825a39be295858f137373e1df51ac"
        },
        {
          "type": "icon",
          "assetId": "7imNaRhncHkd",
          "checksum": "67bf93b49f4ccaa7875a51d364a1a17b"
        },
        {
          "type": "icon",
          "assetId": "nPQ8rLjQJ0Jb",
          "checksum": "4e374560ba4894330cad8413f9a4e999"
        },
        {
          "type": "icon",
          "assetId": "y-uwhCuqoakV",
          "checksum": "1eb4820b12c006a6f6c60abebd517bb6"
        },
        {
          "type": "image",
          "assetId": "rwlMU8f0N8he",
          "checksum": "2b47e78c7e5b88f4fedacb497d30de80"
        },
        {
          "type": "image",
          "assetId": "8yU-ZdBoOsf7",
          "checksum": "5af80cc2aff125ca00e30cbee437c685"
        },
        {
          "type": "image",
          "assetId": "UbGRqY7_lh8X",
          "checksum": "ff1bf07a18f3053582bf5a1d8f442d34"
        },
        {
          "type": "image",
          "assetId": "D0r1ErL1bIRe",
          "checksum": "001ecaa60977f8b8a4385f080d5e9329"
        },
        {
          "type": "image",
          "assetId": "DJSIC-V61Q92",
          "checksum": "888acedca9c353cb5e6e900fc1204cbd"
        },
        {
          "type": "image",
          "assetId": "KQTDYvxYytOV",
          "checksum": "68a6fa18c150e5900375ddc4723c4ece"
        },
        {
          "type": "image",
          "assetId": "DR7QNSBcLCLT",
          "checksum": "9089d461c0b28e6c62581682226e159f"
        },
        {
          "type": "image",
          "assetId": "pxDFtUREiXzQ",
          "checksum": "51608e047b87fd4458b5cf0040e18383"
        },
        {
          "type": "image",
          "assetId": "MhIj_6gieTXv",
          "checksum": "a759841a1302954f303339bf224b1553"
        },
        {
          "type": "image",
          "assetId": "yVwfkykCZZwW",
          "checksum": "ab2a611ac041f9936708c83269cb938d"
        },
        {
          "type": "image",
          "assetId": "3cKaV90Vmh5n",
          "checksum": "0f3e385ed153553a12414c616995bd85"
        },
        {
          "type": "image",
          "assetId": "p-GrXtMQG4s0",
          "checksum": "da3d2e0cbd7264d24731d979a3a88291"
        },
        {
          "type": "image",
          "assetId": "-aupZH0QBDHs",
          "checksum": "941ddc33d3901301c3541322d8a54bb7"
        },
        {
          "type": "image",
          "assetId": "6vJy7Vw2qwdh",
          "checksum": "ba829bf89be1bb0894438f980a4c89fb"
        },
        {
          "type": "image",
          "assetId": "WXJYdnpXmm7h",
          "checksum": "b1092485f21a5c2410f4d05ea3a5bc5e"
        },
        {
          "type": "image",
          "assetId": "4bpAcH2XNzrc",
          "checksum": "8968c1c3f37c6f0ae2b2ff2bf41d7b0c"
        },
        {
          "type": "image",
          "assetId": "xCSlKg2KOl2e",
          "checksum": "3f1063733d28fac11ef683b409dcedf0"
        },
        {
          "type": "image",
          "assetId": "nwZrZxm1sEXM",
          "checksum": "3a6262f6b5839af24f8af7d0d82271e4"
        },
        {
          "type": "image",
          "assetId": "Je1uBRR8dBK7",
          "checksum": "817be8e39f68aa91026f01e2f6f38989"
        },
        {
          "type": "image",
          "assetId": "v2vTUOyTLtCo",
          "checksum": "414f9e38f2306704d637dacf0a86c19f"
        },
        {
          "type": "image",
          "assetId": "hB9IFxOvDXDg",
          "checksum": "180b02e3804198274e981c1b58727240"
        },
        {
          "type": "image",
          "assetId": "C5MFBtE0F9Wy",
          "checksum": "5f859537d71f6d1eb73ebfee160aa75a"
        },
        {
          "type": "image",
          "assetId": "vePtKSMLopEE",
          "checksum": "2fd259fef403b9a00b9d7a19902e3958"
        },
        {
          "type": "image",
          "assetId": "c057DIwJQQtk",
          "checksum": "4caf96fdff83e63c37731fafdd06f5c3"
        },
        {
          "type": "image",
          "assetId": "A_b7vNyud5Sh",
          "checksum": "db5e4a94b184465f7089f06c24e2e82d"
        },
        {
          "type": "image",
          "assetId": "cmf9riM2K6jM",
          "checksum": "d5eefe5951447d3f97e86ae4de0dc0e7"
        },
        {
          "type": "image",
          "assetId": "hMKlcW7NYe0d",
          "checksum": "3d27aed200bed430baac615f385e203d"
        },
        {
          "type": "image",
          "assetId": "GYNOYmpwj7b1",
          "checksum": "e1a486fc94133e69ce76f770d06bc93a"
        },
        {
          "type": "image",
          "assetId": "ztwL1C_n-MUD",
          "checksum": "8d0869a7c0d404600d1e8dd86a33e44a"
        },
        {
          "type": "image",
          "assetId": "jQFuqawB_QDN",
          "checksum": "bf4c102d87c914d792b9abf3194946b2"
        },
        {
          "type": "image",
          "assetId": "-yyKZ4g5gRLm",
          "checksum": "f5c6aa26bd629bac9de41d967df28a09"
        },
        {
          "type": "image",
          "assetId": "yJphc8Pbu-sa",
          "checksum": "18960ab1c64c44248a60c58500fb3dcf"
        }
      ],
      "codegenVersion": "0.0.1"
    }
  ],
  "cliVersion": "0.1.337"
}
